
Microsoft Visual Studio Solution File, Format Version 12.00
# Visual Studio Version 16
VisualStudioVersion = 16.0.29728.190
MinimumVisualStudioVersion = 10.0.40219.1
Project("{FAE04EC0-301F-11D3-BF4B-00C04F79EFBC}") = "PaymentGateway.Client", "PaymentGateway\PaymentGateway.Client.csproj", "{CF526108-37EE-4DA6-834D-54D11A996803}"
EndProject
Project("{FAE04EC0-301F-11D3-BF4B-00C04F79EFBC}") = "PaymentGateway.Api", "PaymentGateway.Api\PaymentGateway.Api.csproj", "{0CD86895-429C-4BA2-AD2B-9BB15EABD1E4}"
EndProject
Project("{FAE04EC0-301F-11D3-BF4B-00C04F79EFBC}") = "PaymentGateway.Web", "PaymentGateway.Web\PaymentGateway.Web.csproj", "{743B92EC-C8F0-4714-BF88-18E378B16008}"
EndProject
Global
	GlobalSection(SolutionConfigurationPlatforms) = preSolution
		Debug|Any CPU = Debug|Any CPU
		Release|Any CPU = Release|Any CPU
	EndGlobalSection
	GlobalSection(ProjectConfigurationPlatforms) = postSolution
		{CF526108-37EE-4DA6-834D-54D11A996803}.Debug|Any CPU.ActiveCfg = Debug|Any CPU
		{CF526108-37EE-4DA6-834D-54D11A996803}.Debug|Any CPU.Build.0 = Debug|Any CPU
		{CF526108-37EE-4DA6-834D-54D11A996803}.Release|Any CPU.ActiveCfg = Release|Any CPU
		{CF526108-37EE-4DA6-834D-54D11A996803}.Release|Any CPU.Build.0 = Release|Any CPU
		{0CD86895-429C-4BA2-AD2B-9BB15EABD1E4}.Debug|Any CPU.ActiveCfg = Debug|Any CPU
		{0CD86895-429C-4BA2-AD2B-9BB15EABD1E4}.Debug|Any CPU.Build.0 = Debug|Any CPU
		{0CD86895-429C-4BA2-AD2B-9BB15EABD1E4}.Release|Any CPU.ActiveCfg = Release|Any CPU
		{0CD86895-429C-4BA2-AD2B-9BB15EABD1E4}.Release|Any CPU.Build.0 = Release|Any CPU
		{743B92EC-C8F0-4714-BF88-18E378B16008}.Debug|Any CPU.ActiveCfg = Debug|Any CPU
		{743B92EC-C8F0-4714-BF88-18E378B16008}.Debug|Any CPU.Build.0 = Debug|Any CPU
		{743B92EC-C8F0-4714-BF88-18E378B16008}.Release|Any CPU.ActiveCfg = Release|Any CPU
		{743B92EC-C8F0-4714-BF88-18E378B16008}.Release|Any CPU.Build.0 = Release|Any CPU
	EndGlobalSection
	GlobalSection(SolutionProperties) = preSolution
		HideSolutionNode = FALSE
	EndGlobalSection
	GlobalSection(ExtensibilityGlobals) = postSolution
		SolutionGuid = {C9A7FEA5-5EC5-4596-95CE-4D16AD5A3D18}
	EndGlobalSection
EndGlobal
