
Microsoft Visual Studio Solution File, Format Version 12.00
# Visual Studio Version 16
VisualStudioVersion = 16.0.29728.190
MinimumVisualStudioVersion = 10.0.40219.1
Project("{9A19103F-16F7-4668-BE54-9A1E7A4F7556}") = "PaymentGateway.Web", "PaymentGateway.Web\PaymentGateway.Web.csproj", "{743B92EC-C8F0-4714-BF88-18E378B16008}"
EndProject
Project("{9A19103F-16F7-4668-BE54-9A1E7A4F7556}") = "PaymentGateway.Web.Tests", "PaymentGateway.Web.Tests\PaymentGateway.Web.Tests.csproj", "{296C5EA9-8198-4394-BC7F-794026813D95}"
EndProject
Project("{9A19103F-16F7-4668-BE54-9A1E7A4F7556}") = "PaymentGateway.Client", "PaymentGateway.Client\PaymentGateway.Client.csproj", "{6ADF1061-7870-46AB-AE96-5CA257243849}"
EndProject
Project("{FAE04EC0-301F-11D3-BF4B-00C04F79EFBC}") = "PaymentGateway.Api", "PaymentGateway.Api\PaymentGateway.Api.csproj", "{7921493C-B276-458C-A5E1-52C87A76A6D0}"
EndProject
Global
	GlobalSection(SolutionConfigurationPlatforms) = preSolution
		Debug|Any CPU = Debug|Any CPU
		Release|Any CPU = Release|Any CPU
	EndGlobalSection
	GlobalSection(ProjectConfigurationPlatforms) = postSolution
		{743B92EC-C8F0-4714-BF88-18E378B16008}.Debug|Any CPU.ActiveCfg = Debug|Any CPU
		{743B92EC-C8F0-4714-BF88-18E378B16008}.Debug|Any CPU.Build.0 = Debug|Any CPU
		{743B92EC-C8F0-4714-BF88-18E378B16008}.Release|Any CPU.ActiveCfg = Release|Any CPU
		{743B92EC-C8F0-4714-BF88-18E378B16008}.Release|Any CPU.Build.0 = Release|Any CPU
		{296C5EA9-8198-4394-BC7F-794026813D95}.Debug|Any CPU.ActiveCfg = Debug|Any CPU
		{296C5EA9-8198-4394-BC7F-794026813D95}.Debug|Any CPU.Build.0 = Debug|Any CPU
		{296C5EA9-8198-4394-BC7F-794026813D95}.Release|Any CPU.ActiveCfg = Release|Any CPU
		{296C5EA9-8198-4394-BC7F-794026813D95}.Release|Any CPU.Build.0 = Release|Any CPU
		{6ADF1061-7870-46AB-AE96-5CA257243849}.Debug|Any CPU.ActiveCfg = Debug|Any CPU
		{6ADF1061-7870-46AB-AE96-5CA257243849}.Debug|Any CPU.Build.0 = Debug|Any CPU
		{6ADF1061-7870-46AB-AE96-5CA257243849}.Release|Any CPU.ActiveCfg = Release|Any CPU
		{6ADF1061-7870-46AB-AE96-5CA257243849}.Release|Any CPU.Build.0 = Release|Any CPU
		{7921493C-B276-458C-A5E1-52C87A76A6D0}.Debug|Any CPU.ActiveCfg = Debug|Any CPU
		{7921493C-B276-458C-A5E1-52C87A76A6D0}.Debug|Any CPU.Build.0 = Debug|Any CPU
		{7921493C-B276-458C-A5E1-52C87A76A6D0}.Release|Any CPU.ActiveCfg = Release|Any CPU
		{7921493C-B276-458C-A5E1-52C87A76A6D0}.Release|Any CPU.Build.0 = Release|Any CPU
	EndGlobalSection
	GlobalSection(SolutionProperties) = preSolution
		HideSolutionNode = FALSE
	EndGlobalSection
	GlobalSection(ExtensibilityGlobals) = postSolution
		SolutionGuid = {C9A7FEA5-5EC5-4596-95CE-4D16AD5A3D18}
	EndGlobalSection
EndGlobal
